
Microsoft Visual Studio Solution File, Format Version 12.00
# Visual Studio 15
VisualStudioVersion = 15.0.28307.136
MinimumVisualStudioVersion = 10.0.40219.1
Project("{9A19103F-16F7-4668-BE54-9A1E7A4F7556}") = "FestivalManager", "FestivalManager\FestivalManager.csproj", "{CF748989-411D-45A7-BC4D-1B81905B05CA}"
EndProject
Project("{9A19103F-16F7-4668-BE54-9A1E7A4F7556}") = "FestivalManager.Tests", "FestivalManager.Tests\FestivalManager.Tests.csproj", "{22F2EE1D-8D31-4D40-8869-4F4F7FA8448D}"
EndProject
Global
	GlobalSection(SolutionConfigurationPlatforms) = preSolution
		Debug|Any CPU = Debug|Any CPU
		Release|Any CPU = Release|Any CPU
		Test|Any CPU = Test|Any CPU
	EndGlobalSection
	GlobalSection(ProjectConfigurationPlatforms) = postSolution
		{CF748989-411D-45A7-BC4D-1B81905B05CA}.Debug|Any CPU.ActiveCfg = Debug|Any CPU
		{CF748989-411D-45A7-BC4D-1B81905B05CA}.Debug|Any CPU.Build.0 = Debug|Any CPU
		{CF748989-411D-45A7-BC4D-1B81905B05CA}.Release|Any CPU.ActiveCfg = Release|Any CPU
		{CF748989-411D-45A7-BC4D-1B81905B05CA}.Release|Any CPU.Build.0 = Release|Any CPU
		{CF748989-411D-45A7-BC4D-1B81905B05CA}.Test|Any CPU.ActiveCfg = Test|Any CPU
		{CF748989-411D-45A7-BC4D-1B81905B05CA}.Test|Any CPU.Build.0 = Test|Any CPU
		{22F2EE1D-8D31-4D40-8869-4F4F7FA8448D}.Debug|Any CPU.ActiveCfg = Debug|Any CPU
		{22F2EE1D-8D31-4D40-8869-4F4F7FA8448D}.Debug|Any CPU.Build.0 = Debug|Any CPU
		{22F2EE1D-8D31-4D40-8869-4F4F7FA8448D}.Release|Any CPU.ActiveCfg = Release|Any CPU
		{22F2EE1D-8D31-4D40-8869-4F4F7FA8448D}.Release|Any CPU.Build.0 = Release|Any CPU
		{22F2EE1D-8D31-4D40-8869-4F4F7FA8448D}.Test|Any CPU.ActiveCfg = Debug|Any CPU
		{22F2EE1D-8D31-4D40-8869-4F4F7FA8448D}.Test|Any CPU.Build.0 = Debug|Any CPU
	EndGlobalSection
	GlobalSection(SolutionProperties) = preSolution
		HideSolutionNode = FALSE
	EndGlobalSection
	GlobalSection(ExtensibilityGlobals) = postSolution
		SolutionGuid = {2F891B47-A68A-41B1-B658-9A9CFB7221F3}
	EndGlobalSection
EndGlobal
